{
  "name": "hide-chat",
  "lockfileVersion": 3,
  "requires": true,
  "packages": {
    "": {
      "dependencies": {
        "chrome-types": "^0.1.181"
      }
    },
    "node_modules/chrome-types": {
      "version": "0.1.181",
      "resolved": "https://registry.npmjs.org/chrome-types/-/chrome-types-0.1.181.tgz",
      "integrity": "sha512-Gm7BtV8XPjYYEWwZI9tC0LUicZnWWc+Ti8qMta2rOUzy0+7XMHfY3KmAW8lOEpM7zDQsQXLZz5Xx52lo4mAFsQ=="
    }
  }
}
